version = 1
revision = 2
requires-python = ">=3.13"

[[package]]
name = "cffi"
version = "1.17.1"
source = { registry = "https://pypi.org/simple" }
dependencies = [
    { name = "pycparser" },
]
sdist = { url = "https://files.pythonhosted.org/packages/fc/97/c783634659c2920c3fc70419e3af40972dbaf758daa229a7d6ea6135c90d/cffi-1.17.1.tar.gz", hash = "sha256:1c39c6016c32bc48dd54561950ebd6836e1670f2ae46128f67cf49e789c52824", size = 516621, upload_time = "2024-09-04T20:45:21.852Z" }
wheels = [
    { url = "https://files.pythonhosted.org/packages/8d/f8/dd6c246b148639254dad4d6803eb6a54e8c85c6e11ec9df2cffa87571dbe/cffi-1.17.1-cp313-cp313-macosx_10_13_x86_64.whl", hash = "sha256:f3a2b4222ce6b60e2e8b337bb9596923045681d71e5a082783484d845390938e", size = 182989, upload_time = "2024-09-04T20:44:28.956Z" },
    { url = "https://files.pythonhosted.org/packages/8b/f1/672d303ddf17c24fc83afd712316fda78dc6fce1cd53011b839483e1ecc8/cffi-1.17.1-cp313-cp313-macosx_11_0_arm64.whl", hash = "sha256:0984a4925a435b1da406122d4d7968dd861c1385afe3b45ba82b750f229811e2", size = 178802, upload_time = "2024-09-04T20:44:30.289Z" },
    { url = "https://files.pythonhosted.org/packages/0e/2d/eab2e858a91fdff70533cab61dcff4a1f55ec60425832ddfdc9cd36bc8af/cffi-1.17.1-cp313-cp313-manylinux_2_12_i686.manylinux2010_i686.manylinux_2_17_i686.manylinux2014_i686.whl", hash = "sha256:d01b12eeeb4427d3110de311e1774046ad344f5b1a7403101878976ecd7a10f3", size = 454792, upload_time = "2024-09-04T20:44:32.01Z" },
    { url = "https://files.pythonhosted.org/packages/75/b2/fbaec7c4455c604e29388d55599b99ebcc250a60050610fadde58932b7ee/cffi-1.17.1-cp313-cp313-manylinux_2_17_aarch64.manylinux2014_aarch64.whl", hash = "sha256:706510fe141c86a69c8ddc029c7910003a17353970cff3b904ff0686a5927683", size = 478893, upload_time = "2024-09-04T20:44:33.606Z" },
    { url = "https://files.pythonhosted.org/packages/4f/b7/6e4a2162178bf1935c336d4da8a9352cccab4d3a5d7914065490f08c0690/cffi-1.17.1-cp313-cp313-manylinux_2_17_ppc64le.manylinux2014_ppc64le.whl", hash = "sha256:de55b766c7aa2e2a3092c51e0483d700341182f08e67c63630d5b6f200bb28e5", size = 485810, upload_time = "2024-09-04T20:44:35.191Z" },
    { url = "https://files.pythonhosted.org/packages/c7/8a/1d0e4a9c26e54746dc08c2c6c037889124d4f59dffd853a659fa545f1b40/cffi-1.17.1-cp313-cp313-manylinux_2_17_s390x.manylinux2014_s390x.whl", hash = "sha256:c59d6e989d07460165cc5ad3c61f9fd8f1b4796eacbd81cee78957842b834af4", size = 471200, upload_time = "2024-09-04T20:44:36.743Z" },
    { url = "https://files.pythonhosted.org/packages/26/9f/1aab65a6c0db35f43c4d1b4f580e8df53914310afc10ae0397d29d697af4/cffi-1.17.1-cp313-cp313-manylinux_2_17_x86_64.manylinux2014_x86_64.whl", hash = "sha256:dd398dbc6773384a17fe0d3e7eeb8d1a21c2200473ee6806bb5e6a8e62bb73dd", size = 479447, upload_time = "2024-09-04T20:44:38.492Z" },
    { url = "https://files.pythonhosted.org/packages/5f/e4/fb8b3dd8dc0e98edf1135ff067ae070bb32ef9d509d6cb0f538cd6f7483f/cffi-1.17.1-cp313-cp313-musllinux_1_1_aarch64.whl", hash = "sha256:3edc8d958eb099c634dace3c7e16560ae474aa3803a5df240542b305d14e14ed", size = 484358, upload_time = "2024-09-04T20:44:40.046Z" },
    { url = "https://files.pythonhosted.org/packages/f1/47/d7145bf2dc04684935d57d67dff9d6d795b2ba2796806bb109864be3a151/cffi-1.17.1-cp313-cp313-musllinux_1_1_x86_64.whl", hash = "sha256:72e72408cad3d5419375fc87d289076ee319835bdfa2caad331e377589aebba9", size = 488469, upload_time = "2024-09-04T20:44:41.616Z" },
    { url = "https://files.pythonhosted.org/packages/bf/ee/f94057fa6426481d663b88637a9a10e859e492c73d0384514a17d78ee205/cffi-1.17.1-cp313-cp313-win32.whl", hash = "sha256:e03eab0a8677fa80d646b5ddece1cbeaf556c313dcfac435ba11f107ba117b5d", size = 172475, upload_time = "2024-09-04T20:44:43.733Z" },
    { url = "https://files.pythonhosted.org/packages/7c/fc/6a8cb64e5f0324877d503c854da15d76c1e50eb722e320b15345c4d0c6de/cffi-1.17.1-cp313-cp313-win_amd64.whl", hash = "sha256:f6a16c31041f09ead72d69f583767292f750d24913dadacf5756b966aacb3f1a", size = 182009, upload_time = "2024-09-04T20:44:45.309Z" },
]

[[package]]
name = "cryptography"
version = "45.0.2"
source = { registry = "https://pypi.org/simple" }
dependencies = [
    { name = "cffi", marker = "platform_python_implementation != 'PyPy'" },
]
sdist = { url = "https://files.pythonhosted.org/packages/f6/47/92a8914716f2405f33f1814b97353e3cfa223cd94a77104075d42de3099e/cryptography-45.0.2.tar.gz", hash = "sha256:d784d57b958ffd07e9e226d17272f9af0c41572557604ca7554214def32c26bf", size = 743865, upload_time = "2025-05-18T02:46:34.986Z" }
wheels = [
    { url = "https://files.pythonhosted.org/packages/3d/2f/46b9e715157643ad16f039ec3c3c47d174da6f825bf5034b1c5f692ab9e2/cryptography-45.0.2-cp311-abi3-macosx_10_9_universal2.whl", hash = "sha256:61a8b1bbddd9332917485b2453d1de49f142e6334ce1d97b7916d5a85d179c84", size = 7043448, upload_time = "2025-05-18T02:45:12.495Z" },
    { url = "https://files.pythonhosted.org/packages/90/52/49e6c86278e1b5ec226e96b62322538ccc466306517bf9aad8854116a088/cryptography-45.0.2-cp311-abi3-manylinux_2_17_aarch64.manylinux2014_aarch64.whl", hash = "sha256:4cc31c66411e14dd70e2f384a9204a859dc25b05e1f303df0f5326691061b839", size = 4201098, upload_time = "2025-05-18T02:45:15.178Z" },
    { url = "https://files.pythonhosted.org/packages/7b/3a/201272539ac5b66b4cb1af89021e423fc0bfacb73498950280c51695fb78/cryptography-45.0.2-cp311-abi3-manylinux_2_17_x86_64.manylinux2014_x86_64.whl", hash = "sha256:463096533acd5097f8751115bc600b0b64620c4aafcac10c6d0041e6e68f88fe", size = 4429839, upload_time = "2025-05-18T02:45:17.614Z" },
    { url = "https://files.pythonhosted.org/packages/99/89/fa1a84832b8f8f3917875cb15324bba98def5a70175a889df7d21a45dc75/cryptography-45.0.2-cp311-abi3-manylinux_2_28_aarch64.whl", hash = "sha256:cdafb86eb673c3211accffbffdb3cdffa3aaafacd14819e0898d23696d18e4d3", size = 4205154, upload_time = "2025-05-18T02:45:19.874Z" },
    { url = "https://files.pythonhosted.org/packages/1c/c5/5225d5230d538ab461725711cf5220560a813d1eb68bafcfb00131b8f631/cryptography-45.0.2-cp311-abi3-manylinux_2_28_armv7l.manylinux_2_31_armv7l.whl", hash = "sha256:05c2385b1f5c89a17df19900cfb1345115a77168f5ed44bdf6fd3de1ce5cc65b", size = 3897145, upload_time = "2025-05-18T02:45:22.209Z" },
    { url = "https://files.pythonhosted.org/packages/fe/24/f19aae32526cc55ae17d473bc4588b1234af2979483d99cbfc57e55ffea6/cryptography-45.0.2-cp311-abi3-manylinux_2_28_x86_64.whl", hash = "sha256:e9e4bdcd70216b08801e267c0b563316b787f957a46e215249921f99288456f9", size = 4462192, upload_time = "2025-05-18T02:45:24.773Z" },
    { url = "https://files.pythonhosted.org/packages/19/18/4a69ac95b0b3f03355970baa6c3f9502bbfc54e7df81fdb179654a00f48e/cryptography-45.0.2-cp311-abi3-manylinux_2_34_aarch64.whl", hash = "sha256:b2de529027579e43b6dc1f805f467b102fb7d13c1e54c334f1403ee2b37d0059", size = 4208093, upload_time = "2025-05-18T02:45:27.028Z" },
    { url = "https://files.pythonhosted.org/packages/7c/54/2dea55ccc9558b8fa14f67156250b6ee231e31765601524e4757d0b5db6b/cryptography-45.0.2-cp311-abi3-manylinux_2_34_x86_64.whl", hash = "sha256:10d68763892a7b19c22508ab57799c4423c7c8cd61d7eee4c5a6a55a46511949", size = 4461819, upload_time = "2025-05-18T02:45:29.39Z" },
    { url = "https://files.pythonhosted.org/packages/37/f1/1b220fcd5ef4b1f0ff3e59e733b61597505e47f945606cc877adab2c1a17/cryptography-45.0.2-cp311-abi3-musllinux_1_2_aarch64.whl", hash = "sha256:d2a90ce2f0f5b695e4785ac07c19a58244092f3c85d57db6d8eb1a2b26d2aad6", size = 4329202, upload_time = "2025-05-18T02:45:31.925Z" },
    { url = "https://files.pythonhosted.org/packages/6d/e0/51d1dc4f96f819a56db70f0b4039b4185055bbb8616135884c3c3acc4c6d/cryptography-45.0.2-cp311-abi3-musllinux_1_2_x86_64.whl", hash = "sha256:59c0c8f043dd376bbd9d4f636223836aed50431af4c5a467ed9bf61520294627", size = 4570412, upload_time = "2025-05-18T02:45:34.348Z" },
    { url = "https://files.pythonhosted.org/packages/dc/44/88efb40a3600d15277a77cdc69eeeab45a98532078d2a36cffd9325d3b3f/cryptography-45.0.2-cp311-abi3-win32.whl", hash = "sha256:80303ee6a02ef38c4253160446cbeb5c400c07e01d4ddbd4ff722a89b736d95a", size = 2933584, upload_time = "2025-05-18T02:45:36.198Z" },
    { url = "https://files.pythonhosted.org/packages/d9/a1/bc9f82ba08760442cc8346d1b4e7b769b86d197193c45b42b3595d231e84/cryptography-45.0.2-cp311-abi3-win_amd64.whl", hash = "sha256:7429936146063bd1b2cfc54f0e04016b90ee9b1c908a7bed0800049cbace70eb", size = 3408537, upload_time = "2025-05-18T02:45:38.184Z" },
    { url = "https://files.pythonhosted.org/packages/59/bc/1b6acb1dca366f9c0b3880888ecd7fcfb68023930d57df854847c6da1d10/cryptography-45.0.2-cp37-abi3-macosx_10_9_universal2.whl", hash = "sha256:e86c8d54cd19a13e9081898b3c24351683fd39d726ecf8e774aaa9d8d96f5f3a", size = 7025581, upload_time = "2025-05-18T02:45:40.632Z" },
    { url = "https://files.pythonhosted.org/packages/31/a3/a3e4a298d3db4a04085728f5ae6c8cda157e49c5bb784886d463b9fbff70/cryptography-45.0.2-cp37-abi3-manylinux_2_17_aarch64.manylinux2014_aarch64.whl", hash = "sha256:e328357b6bbf79928363dbf13f4635b7aac0306afb7e5ad24d21d0c5761c3253", size = 4189148, upload_time = "2025-05-18T02:45:42.538Z" },
    { url = "https://files.pythonhosted.org/packages/53/90/100dfadd4663b389cb56972541ec1103490a19ebad0132af284114ba0868/cryptography-45.0.2-cp37-abi3-manylinux_2_17_x86_64.manylinux2014_x86_64.whl", hash = "sha256:49af56491473231159c98c2c26f1a8f3799a60e5cf0e872d00745b858ddac9d2", size = 4424113, upload_time = "2025-05-18T02:45:44.316Z" },
    { url = "https://files.pythonhosted.org/packages/0d/40/e2b9177dbed6f3fcbbf1942e1acea2fd15b17007204b79d675540dd053af/cryptography-45.0.2-cp37-abi3-manylinux_2_28_aarch64.whl", hash = "sha256:f169469d04a23282de9d0be349499cb6683b6ff1b68901210faacac9b0c24b7d", size = 4189696, upload_time = "2025-05-18T02:45:46.622Z" },
    { url = "https://files.pythonhosted.org/packages/70/ae/ec29c79f481e1767c2ff916424ba36f3cf7774de93bbd60428a3c52d1357/cryptography-45.0.2-cp37-abi3-manylinux_2_28_armv7l.manylinux_2_31_armv7l.whl", hash = "sha256:9cfd1399064b13043082c660ddd97a0358e41c8b0dc7b77c1243e013d305c344", size = 3881498, upload_time = "2025-05-18T02:45:48.884Z" },
    { url = "https://files.pythonhosted.org/packages/5f/4a/72937090e5637a232b2f73801c9361cd08404a2d4e620ca4ec58c7ea4b70/cryptography-45.0.2-cp37-abi3-manylinux_2_28_x86_64.whl", hash = "sha256:18f8084b7ca3ce1b8d38bdfe33c48116edf9a08b4d056ef4a96dceaa36d8d965", size = 4451678, upload_time = "2025-05-18T02:45:50.706Z" },
    { url = "https://files.pythonhosted.org/packages/d3/fa/1377fced81fd67a4a27514248261bb0d45c3c1e02169411fe231583088c8/cryptography-45.0.2-cp37-abi3-manylinux_2_34_aarch64.whl", hash = "sha256:2cb03a944a1a412724d15a7c051d50e63a868031f26b6a312f2016965b661942", size = 4192296, upload_time = "2025-05-18T02:45:52.422Z" },
    { url = "https://files.pythonhosted.org/packages/d1/cf/b6fe837c83a08b9df81e63299d75fc5b3c6d82cf24b3e1e0e331050e9e5c/cryptography-45.0.2-cp37-abi3-manylinux_2_34_x86_64.whl", hash = "sha256:a9727a21957d3327cf6b7eb5ffc9e4b663909a25fea158e3fcbc49d4cdd7881b", size = 4451749, upload_time = "2025-05-18T02:45:55.025Z" },
    { url = "https://files.pythonhosted.org/packages/af/d8/5a655675cc635c7190bfc8cffb84bcdc44fc62ce945ad1d844adaa884252/cryptography-45.0.2-cp37-abi3-musllinux_1_2_aarch64.whl", hash = "sha256:ddb8d01aa900b741d6b7cc585a97aff787175f160ab975e21f880e89d810781a", size = 4317601, upload_time = "2025-05-18T02:45:56.911Z" },
    { url = "https://files.pythonhosted.org/packages/b9/d4/75d2375a20d80aa262a8adee77bf56950e9292929e394b9fae2481803f11/cryptography-45.0.2-cp37-abi3-musllinux_1_2_x86_64.whl", hash = "sha256:c0c000c1a09f069632d8a9eb3b610ac029fcc682f1d69b758e625d6ee713f4ed", size = 4560535, upload_time = "2025-05-18T02:45:59.33Z" },
    { url = "https://files.pythonhosted.org/packages/aa/18/c3a94474987ebcfb88692036b2ec44880d243fefa73794bdcbf748679a6e/cryptography-45.0.2-cp37-abi3-win32.whl", hash = "sha256:08281de408e7eb71ba3cd5098709a356bfdf65eebd7ee7633c3610f0aa80d79b", size = 2922045, upload_time = "2025-05-18T02:46:01.012Z" },
    { url = "https://files.pythonhosted.org/packages/63/63/fb28b30c144182fd44ce93d13ab859791adbf923e43bdfb610024bfecda1/cryptography-45.0.2-cp37-abi3-win_amd64.whl", hash = "sha256:48caa55c528617fa6db1a9c3bf2e37ccb31b73e098ac2b71408d1f2db551dde4", size = 3393321, upload_time = "2025-05-18T02:46:03.441Z" },
]

[[package]]
name = "pycparser"
version = "2.22"
source = { registry = "https://pypi.org/simple" }
sdist = { url = "https://files.pythonhosted.org/packages/1d/b2/31537cf4b1ca988837256c910a668b553fceb8f069bedc4b1c826024b52c/pycparser-2.22.tar.gz", hash = "sha256:491c8be9c040f5390f5bf44a5b07752bd07f56edf992381b05c701439eec10f6", size = 172736, upload_time = "2024-03-30T13:22:22.564Z" }
wheels = [
    { url = "https://files.pythonhosted.org/packages/13/a3/a812df4e2dd5696d1f351d58b8fe16a405b234ad2886a0dab9183fb78109/pycparser-2.22-py3-none-any.whl", hash = "sha256:c3702b6d3dd8c7abc1afa565d7e63d53a1d0bd86cdc24edd75470f4de499cfcc", size = 117552, upload_time = "2024-03-30T13:22:20.476Z" },
]

[[package]]
name = "vipyr-deobf"
version = "0.1.0"
source = { editable = "." }
dependencies = [
    { name = "cryptography" },
]

[package.metadata]
requires-dist = [{ name = "cryptography" }]
